// !$*UTF8*$!
{
	archiveVersion = 1;
	classes = {};
	objectVersion = 77;
	objects = {

/* Begin PBXBuildFile section */
		A10000000000000000000001 /* OutlineApp.swift in Sources */ = {isa = PBXBuildFile; fileRef = A20000000000000000000001 /* OutlineApp.swift */; };
		A10000000000000000000002 /* ContentView.swift in Sources */ = {isa = PBXBuildFile; fileRef = A20000000000000000000002 /* ContentView.swift */; };
		A10000000000000000000010 /* SessionStore.swift in Sources */ = {isa = PBXBuildFile; fileRef = A20000000000000000000010 /* SessionStore.swift */; };
		A10000000000000000000011 /* ConnectionView.swift in Sources */ = {isa = PBXBuildFile; fileRef = A20000000000000000000011 /* ConnectionView.swift */; };
		A10000000000000000000012 /* DocumentListView.swift in Sources */ = {isa = PBXBuildFile; fileRef = A20000000000000000000012 /* DocumentListView.swift */; };
		A10000000000000000000013 /* DocumentReaderView.swift in Sources */ = {isa = PBXBuildFile; fileRef = A20000000000000000000013 /* DocumentReaderView.swift */; };
		A10000000000000000000014 /* CommentsView.swift in Sources */ = {isa = PBXBuildFile; fileRef = A20000000000000000000014 /* CommentsView.swift */; };
		A10000000000000000000015 /* Assets.xcassets in Resources */ = {isa = PBXBuildFile; fileRef = A20000000000000000000015 /* Assets.xcassets */; };
		A10000000000000000000003 /* Credentials.swift in Sources */ = {isa = PBXBuildFile; fileRef = A20000000000000000000004 /* Credentials.swift */; };
		A10000000000000000000004 /* KeychainStore.swift in Sources */ = {isa = PBXBuildFile; fileRef = A20000000000000000000005 /* KeychainStore.swift */; };
		B10000000000000000000001 /* OutlineCollection.swift in Sources */ = {isa = PBXBuildFile; fileRef = B20000000000000000000001 /* OutlineCollection.swift */; };
		B10000000000000000000002 /* OutlineClient.swift in Sources */ = {isa = PBXBuildFile; fileRef = B20000000000000000000002 /* OutlineClient.swift */; };
		B10000000000000000000004 /* OutlineDocumentNode.swift in Sources */ = {isa = PBXBuildFile; fileRef = B20000000000000000000005 /* OutlineDocumentNode.swift */; };
		B10000000000000000000005 /* OutlineComment.swift in Sources */ = {isa = PBXBuildFile; fileRef = B20000000000000000000006 /* OutlineComment.swift */; };
		B10000000000000000000003 /* OutlineClientTests.swift in Sources */ = {isa = PBXBuildFile; fileRef = B20000000000000000000003 /* OutlineClientTests.swift */; };
		C10000000000000000000001 /* OutlineCore in Frameworks */ = {isa = PBXBuildFile; productRef = C20000000000000000000001 /* OutlineCore */; };
		C10000000000000000000002 /* OutlineCore in Frameworks */ = {isa = PBXBuildFile; productRef = C20000000000000000000002 /* OutlineCore */; };
/* End PBXBuildFile section */

/* Begin PBXContainerItemProxy section */
		B90000000000000000000001 /* PBXContainerItemProxy */ = {
			isa = PBXContainerItemProxy;
			containerPortal = A70000000000000000000001 /* Project object */;
			proxyType = 1;
			remoteGlobalID = A50000000000000000000001;
			remoteInfo = Outline;
		};
/* End PBXContainerItemProxy section */

/* Begin PBXFileReference section */
		A20000000000000000000001 /* OutlineApp.swift */ = {isa = PBXFileReference; lastKnownFileType = sourcecode.swift; path = OutlineApp.swift; sourceTree = "<group>"; };
		A20000000000000000000002 /* ContentView.swift */ = {isa = PBXFileReference; lastKnownFileType = sourcecode.swift; path = ContentView.swift; sourceTree = "<group>"; };
		A20000000000000000000010 /* SessionStore.swift */ = {isa = PBXFileReference; lastKnownFileType = sourcecode.swift; path = SessionStore.swift; sourceTree = "<group>"; };
		A20000000000000000000011 /* ConnectionView.swift */ = {isa = PBXFileReference; lastKnownFileType = sourcecode.swift; path = ConnectionView.swift; sourceTree = "<group>"; };
		A20000000000000000000012 /* DocumentListView.swift */ = {isa = PBXFileReference; lastKnownFileType = sourcecode.swift; path = DocumentListView.swift; sourceTree = "<group>"; };
		A20000000000000000000013 /* DocumentReaderView.swift */ = {isa = PBXFileReference; lastKnownFileType = sourcecode.swift; path = DocumentReaderView.swift; sourceTree = "<group>"; };
		A20000000000000000000014 /* CommentsView.swift */ = {isa = PBXFileReference; lastKnownFileType = sourcecode.swift; path = CommentsView.swift; sourceTree = "<group>"; };
		A20000000000000000000015 /* Assets.xcassets */ = {isa = PBXFileReference; lastKnownFileType = folder.assetcatalog; path = Assets.xcassets; sourceTree = "<group>"; };
		A20000000000000000000003 /* Outline.app */ = {isa = PBXFileReference; explicitFileType = wrapper.application; includeInIndex = 0; path = Outline.app; sourceTree = BUILT_PRODUCTS_DIR; };
		A20000000000000000000004 /* Credentials.swift */ = {isa = PBXFileReference; lastKnownFileType = sourcecode.swift; path = Credentials.swift; sourceTree = "<group>"; };
		A20000000000000000000005 /* KeychainStore.swift */ = {isa = PBXFileReference; lastKnownFileType = sourcecode.swift; path = KeychainStore.swift; sourceTree = "<group>"; };
		B20000000000000000000001 /* OutlineCollection.swift */ = {isa = PBXFileReference; lastKnownFileType = sourcecode.swift; path = OutlineCollection.swift; sourceTree = "<group>"; };
		B20000000000000000000002 /* OutlineClient.swift */ = {isa = PBXFileReference; lastKnownFileType = sourcecode.swift; path = OutlineClient.swift; sourceTree = "<group>"; };
		B20000000000000000000003 /* OutlineClientTests.swift */ = {isa = PBXFileReference; lastKnownFileType = sourcecode.swift; path = OutlineClientTests.swift; sourceTree = "<group>"; };
		B20000000000000000000005 /* OutlineDocumentNode.swift */ = {isa = PBXFileReference; lastKnownFileType = sourcecode.swift; path = OutlineDocumentNode.swift; sourceTree = "<group>"; };
		B20000000000000000000006 /* OutlineComment.swift */ = {isa = PBXFileReference; lastKnownFileType = sourcecode.swift; path = OutlineComment.swift; sourceTree = "<group>"; };
		B20000000000000000000004 /* OutlineTests.xctest */ = {isa = PBXFileReference; explicitFileType = wrapper.cfbundle; includeInIndex = 0; path = OutlineTests.xctest; sourceTree = BUILT_PRODUCTS_DIR; };
/* End PBXFileReference section */

/* Begin PBXFrameworksBuildPhase section */
		A30000000000000000000001 /* Frameworks */ = {
			isa = PBXFrameworksBuildPhase;
			buildActionMask = 2147483647;
			files = (
				C10000000000000000000001 /* OutlineCore in Frameworks */,
			);
			runOnlyForDeploymentPostprocessing = 0;
		};
		B30000000000000000000004 /* Frameworks */ = {
			isa = PBXFrameworksBuildPhase;
			buildActionMask = 2147483647;
			files = (
				C10000000000000000000002 /* OutlineCore in Frameworks */,
			);
			runOnlyForDeploymentPostprocessing = 0;
		};
/* End PBXFrameworksBuildPhase section */

/* Begin PBXGroup section */
		A40000000000000000000001 = {
			isa = PBXGroup;
			children = (
				A40000000000000000000002 /* Outline */,
				B40000000000000000000002 /* OutlineTests */,
				A40000000000000000000003 /* Products */,
			);
			sourceTree = "<group>";
		};
		A40000000000000000000002 /* Outline */ = {
			isa = PBXGroup;
			children = (
				A20000000000000000000001 /* OutlineApp.swift */,
				A20000000000000000000002 /* ContentView.swift */,
				A20000000000000000000010 /* SessionStore.swift */,
				A20000000000000000000011 /* ConnectionView.swift */,
				A20000000000000000000012 /* DocumentListView.swift */,
				A20000000000000000000013 /* DocumentReaderView.swift */,
				A20000000000000000000014 /* CommentsView.swift */,
				A20000000000000000000015 /* Assets.xcassets */,
				A40000000000000000000004 /* Security */,
				B40000000000000000000001 /* Networking */,
			);
			path = Outline;
			sourceTree = "<group>";
		};
		A40000000000000000000003 /* Products */ = {
			isa = PBXGroup;
			children = (
				A20000000000000000000003 /* Outline.app */,
				B20000000000000000000004 /* OutlineTests.xctest */,
			);
			name = Products;
			sourceTree = "<group>";
		};
		A40000000000000000000004 /* Security */ = {
			isa = PBXGroup;
			children = (
				A20000000000000000000004 /* Credentials.swift */,
				A20000000000000000000005 /* KeychainStore.swift */,
			);
			path = Security;
			sourceTree = "<group>";
		};
		B40000000000000000000001 /* Networking */ = {
			isa = PBXGroup;
			children = (
				B20000000000000000000001 /* OutlineCollection.swift */,
				B20000000000000000000002 /* OutlineClient.swift */,
				B20000000000000000000005 /* OutlineDocumentNode.swift */,
				B20000000000000000000006 /* OutlineComment.swift */,
			);
			path = Networking;
			sourceTree = "<group>";
		};
		B40000000000000000000002 /* OutlineTests */ = {
			isa = PBXGroup;
			children = (
				B20000000000000000000003 /* OutlineClientTests.swift */,
			);
			path = OutlineTests;
			sourceTree = "<group>";
		};
/* End PBXGroup section */

/* Begin PBXNativeTarget section */
		A50000000000000000000001 /* Outline */ = {
			isa = PBXNativeTarget;
			buildConfigurationList = A60000000000000000000002 /* Build configuration list for PBXNativeTarget "Outline" */;
			buildPhases = (
				A30000000000000000000002 /* Sources */,
				A30000000000000000000001 /* Frameworks */,
				A30000000000000000000003 /* Resources */,
			);
			buildRules = ();
			packageProductDependencies = (
				C20000000000000000000001 /* OutlineCore */,
			);
			dependencies = ();
			name = Outline;
			productName = Outline;
			productReference = A20000000000000000000003 /* Outline.app */;
			productType = "com.apple.product-type.application";
		};
		B50000000000000000000002 /* OutlineTests */ = {
			isa = PBXNativeTarget;
			buildConfigurationList = B60000000000000000000003 /* Build configuration list for PBXNativeTarget "OutlineTests" */;
			buildPhases = (
				B30000000000000000000005 /* Sources */,
				B30000000000000000000004 /* Frameworks */,
				B30000000000000000000006 /* Resources */,
			);
			buildRules = ();
			packageProductDependencies = (
				C20000000000000000000002 /* OutlineCore */,
			);
			dependencies = (
				B91000000000000000000001 /* PBXTargetDependency */,
			);
			name = OutlineTests;
			productName = OutlineTests;
			productReference = B20000000000000000000004 /* OutlineTests.xctest */;
			productType = "com.apple.product-type.bundle.unit-test";
		};
/* End PBXNativeTarget section */

/* Begin PBXProject section */
		A70000000000000000000001 /* Project object */ = {
			isa = PBXProject;
			attributes = {
				BuildIndependentTargetsInParallel = 1;
				LastSwiftUpdateCheck = 2700;
				LastUpgradeCheck = 2700;
				TargetAttributes = {
					A50000000000000000000001 = { CreatedOnToolsVersion = 27.0; };
					B50000000000000000000002 = { CreatedOnToolsVersion = 27.0; TestTargetID = A50000000000000000000001; };
			};
			};
			buildConfigurationList = A60000000000000000000001 /* Build configuration list for PBXProject "Outline" */;
			compatibilityVersion = "Xcode 16.0";
			developmentRegion = en;
			hasScannedForEncodings = 0;
			knownRegions = (en, Base);
			mainGroup = A40000000000000000000001;
			productRefGroup = A40000000000000000000003 /* Products */;
			packageReferences = (
				C30000000000000000000001 /* XCLocalSwiftPackageReference "OutlineCore" */,
			);
			projectDirPath = "";
			projectRoot = "";
			targets = (A50000000000000000000001 /* Outline */, B50000000000000000000002 /* OutlineTests */);
		};
/* End PBXProject section */

/* Begin PBXResourcesBuildPhase section */
		A30000000000000000000003 /* Resources */ = {
			isa = PBXResourcesBuildPhase;
			buildActionMask = 2147483647;
			files = (
				A10000000000000000000015 /* Assets.xcassets in Resources */,
			);
			runOnlyForDeploymentPostprocessing = 0;
		};
		B30000000000000000000006 /* Resources */ = {
			isa = PBXResourcesBuildPhase;
			buildActionMask = 2147483647;
			files = ();
			runOnlyForDeploymentPostprocessing = 0;
		};
/* End PBXResourcesBuildPhase section */

/* Begin PBXSourcesBuildPhase section */
		A30000000000000000000002 /* Sources */ = {
			isa = PBXSourcesBuildPhase;
			buildActionMask = 2147483647;
			files = (
				A10000000000000000000001 /* OutlineApp.swift in Sources */,
				A10000000000000000000002 /* ContentView.swift in Sources */,
				A10000000000000000000010 /* SessionStore.swift in Sources */,
				A10000000000000000000011 /* ConnectionView.swift in Sources */,
				A10000000000000000000012 /* DocumentListView.swift in Sources */,
				A10000000000000000000013 /* DocumentReaderView.swift in Sources */,
				A10000000000000000000014 /* CommentsView.swift in Sources */,
				A10000000000000000000003 /* Credentials.swift in Sources */,
				A10000000000000000000004 /* KeychainStore.swift in Sources */,
				B10000000000000000000001 /* OutlineCollection.swift in Sources */,
				B10000000000000000000002 /* OutlineClient.swift in Sources */,
				B10000000000000000000004 /* OutlineDocumentNode.swift in Sources */,
				B10000000000000000000005 /* OutlineComment.swift in Sources */,
			);
			runOnlyForDeploymentPostprocessing = 0;
		};
		B30000000000000000000005 /* Sources */ = {
			isa = PBXSourcesBuildPhase;
			buildActionMask = 2147483647;
			files = (
				B10000000000000000000003 /* OutlineClientTests.swift in Sources */,
			);
			runOnlyForDeploymentPostprocessing = 0;
		};
/* End PBXSourcesBuildPhase section */

/* Begin PBXTargetDependency section */
		B91000000000000000000001 /* PBXTargetDependency */ = {
			isa = PBXTargetDependency;
			target = A50000000000000000000001 /* Outline */;
			targetProxy = B90000000000000000000001 /* PBXContainerItemProxy */;
		};
/* End PBXTargetDependency section */

/* Begin XCBuildConfiguration section */
		A80000000000000000000001 /* Debug */ = {
			isa = XCBuildConfiguration;
			buildSettings = {
				ALWAYS_SEARCH_USER_PATHS = NO;
				CLANG_ENABLE_MODULES = YES;
				CLANG_ENABLE_OBJC_ARC = YES;
				COPY_PHASE_STRIP = NO;
				DEBUG_INFORMATION_FORMAT = dwarf;
				ENABLE_TESTABILITY = YES;
				GCC_C_LANGUAGE_STANDARD = gnu17;
				GCC_OPTIMIZATION_LEVEL = 0;
				MTL_ENABLE_DEBUG_INFO = INCLUDE_SOURCE;
				ONLY_ACTIVE_ARCH = YES;
				SDKROOT = iphoneos;
				SWIFT_ACTIVE_COMPILATION_CONDITIONS = DEBUG;
				SWIFT_OPTIMIZATION_LEVEL = "-Onone";
			};
			name = Debug;
		};
		A80000000000000000000002 /* Release */ = {
			isa = XCBuildConfiguration;
			buildSettings = {
				ALWAYS_SEARCH_USER_PATHS = NO;
				CLANG_ENABLE_MODULES = YES;
				CLANG_ENABLE_OBJC_ARC = YES;
				COPY_PHASE_STRIP = NO;
				DEBUG_INFORMATION_FORMAT = "dwarf-with-dsym";
				GCC_C_LANGUAGE_STANDARD = gnu17;
				MTL_ENABLE_DEBUG_INFO = NO;
				SDKROOT = iphoneos;
				SWIFT_COMPILATION_MODE = wholemodule;
				SWIFT_OPTIMIZATION_LEVEL = "-O";
				VALIDATE_PRODUCT = YES;
			};
			name = Release;
		};
		A80000000000000000000003 /* Debug */ = {
			isa = XCBuildConfiguration;
			buildSettings = {
				ASSETCATALOG_COMPILER_APPICON_NAME = AppIcon;
				CODE_SIGN_STYLE = Automatic;
				CURRENT_PROJECT_VERSION = 1;
				DEVELOPMENT_TEAM = XW996HTK32;
				GENERATE_INFOPLIST_FILE = YES;
				INFOPLIST_KEY_ITSAppUsesNonExemptEncryption = NO;
				INFOPLIST_KEY_UIApplicationSceneManifest_Generation = YES;
				INFOPLIST_KEY_UILaunchScreen_Generation = YES;
				IPHONEOS_DEPLOYMENT_TARGET = 17.0;
				MARKETING_VERSION = 0.1.0;
				PRODUCT_BUNDLE_IDENTIFIER = com.junnos.outline;
				PRODUCT_NAME = Outline;
				SUPPORTED_PLATFORMS = "iphoneos iphonesimulator";
				SWIFT_EMIT_LOC_STRINGS = YES;
				SWIFT_VERSION = 6.0;
				TARGETED_DEVICE_FAMILY = 1;
			};
			name = Debug;
		};
		A80000000000000000000004 /* Release */ = {
			isa = XCBuildConfiguration;
			buildSettings = {
				ASSETCATALOG_COMPILER_APPICON_NAME = AppIcon;
				CODE_SIGN_STYLE = Automatic;
				CURRENT_PROJECT_VERSION = 1;
				DEVELOPMENT_TEAM = XW996HTK32;
				GENERATE_INFOPLIST_FILE = YES;
				INFOPLIST_KEY_ITSAppUsesNonExemptEncryption = NO;
				INFOPLIST_KEY_UIApplicationSceneManifest_Generation = YES;
				INFOPLIST_KEY_UILaunchScreen_Generation = YES;
				IPHONEOS_DEPLOYMENT_TARGET = 17.0;
				MARKETING_VERSION = 0.1.0;
				PRODUCT_BUNDLE_IDENTIFIER = com.junnos.outline;
				PRODUCT_NAME = Outline;
				SUPPORTED_PLATFORMS = "iphoneos iphonesimulator";
				SWIFT_EMIT_LOC_STRINGS = YES;
				SWIFT_VERSION = 6.0;
				TARGETED_DEVICE_FAMILY = 1;
			};
			name = Release;
		};
		B80000000000000000000005 /* Debug */ = {
			isa = XCBuildConfiguration;
			buildSettings = {
				BUNDLE_LOADER = "$(TEST_HOST)";
				CODE_SIGN_STYLE = Automatic;
				CURRENT_PROJECT_VERSION = 1;
				DEVELOPMENT_TEAM = "";
				GENERATE_INFOPLIST_FILE = YES;
				IPHONEOS_DEPLOYMENT_TARGET = 17.0;
				PRODUCT_BUNDLE_IDENTIFIER = com.junnos.outlineTests;
				PRODUCT_NAME = "$(TARGET_NAME)";
				SDKROOT = iphoneos;
				SWIFT_VERSION = 6.0;
				TARGETED_DEVICE_FAMILY = 1;
				TEST_HOST = "$(BUILT_PRODUCTS_DIR)/Outline.app/Outline";
			};
			name = Debug;
		};
		B80000000000000000000006 /* Release */ = {
			isa = XCBuildConfiguration;
			buildSettings = {
				BUNDLE_LOADER = "$(TEST_HOST)";
				CODE_SIGN_STYLE = Automatic;
				CURRENT_PROJECT_VERSION = 1;
				DEVELOPMENT_TEAM = "";
				GENERATE_INFOPLIST_FILE = YES;
				IPHONEOS_DEPLOYMENT_TARGET = 17.0;
				PRODUCT_BUNDLE_IDENTIFIER = com.junnos.outlineTests;
				PRODUCT_NAME = "$(TARGET_NAME)";
				SDKROOT = iphoneos;
				SWIFT_COMPILATION_MODE = wholemodule;
				SWIFT_OPTIMIZATION_LEVEL = "-O";
				SWIFT_VERSION = 6.0;
				TARGETED_DEVICE_FAMILY = 1;
				TEST_HOST = "$(BUILT_PRODUCTS_DIR)/Outline.app/Outline";
			};
			name = Release;
		};
/* End XCBuildConfiguration section */

/* Begin XCConfigurationList section */
		A60000000000000000000001 /* Build configuration list for PBXProject "Outline" */ = {
			isa = XCConfigurationList;
			buildConfigurations = (A80000000000000000000001 /* Debug */, A80000000000000000000002 /* Release */);
			defaultConfigurationIsVisible = 0;
			defaultConfigurationName = Release;
		};
		A60000000000000000000002 /* Build configuration list for PBXNativeTarget "Outline" */ = {
			isa = XCConfigurationList;
			buildConfigurations = (A80000000000000000000003 /* Debug */, A80000000000000000000004 /* Release */);
			defaultConfigurationIsVisible = 0;
			defaultConfigurationName = Release;
		};
		B60000000000000000000003 /* Build configuration list for PBXNativeTarget "OutlineTests" */ = {
			isa = XCConfigurationList;
			buildConfigurations = (B80000000000000000000005 /* Debug */, B80000000000000000000006 /* Release */);
			defaultConfigurationIsVisible = 0;
			defaultConfigurationName = Release;
		};
/* End XCConfigurationList section */

/* Begin XCLocalSwiftPackageReference section */
		C30000000000000000000001 /* XCLocalSwiftPackageReference "OutlineCore" */ = {
			isa = XCLocalSwiftPackageReference;
			relativePath = OutlineCore;
		};
/* End XCLocalSwiftPackageReference section */

/* Begin XCSwiftPackageProductDependency section */
		C20000000000000000000001 /* OutlineCore */ = {
			isa = XCSwiftPackageProductDependency;
			package = C30000000000000000000001 /* XCLocalSwiftPackageReference "OutlineCore" */;
			productName = OutlineCore;
		};
		C20000000000000000000002 /* OutlineCore */ = {
			isa = XCSwiftPackageProductDependency;
			package = C30000000000000000000001 /* XCLocalSwiftPackageReference "OutlineCore" */;
			productName = OutlineCore;
		};
/* End XCSwiftPackageProductDependency section */
	};
	rootObject = A70000000000000000000001 /* Project object */;
}
